
Microsoft Visual Studio Solution File, Format Version 12.00
# Visual Studio Version 17
VisualStudioVersion = 17.14.36429.23 d17.14
MinimumVisualStudioVersion = 10.0.40219.1
Project("{FAE04EC0-301F-11D3-BF4B-00C04F79EFBC}") = "LAHJA.AI", "LAHJA.AI\LAHJA.AI.csproj", "{F4106FEB-0925-4E9C-B8D3-50607EF47636}"
EndProject
Global
	GlobalSection(SolutionConfigurationPlatforms) = preSolution
		Debug|Any CPU = Debug|Any CPU
		Release|Any CPU = Release|Any CPU
	EndGlobalSection
	GlobalSection(ProjectConfigurationPlatforms) = postSolution
		{F4106FEB-0925-4E9C-B8D3-50607EF47636}.Debug|Any CPU.ActiveCfg = Debug|Any CPU
		{F4106FEB-0925-4E9C-B8D3-50607EF47636}.Debug|Any CPU.Build.0 = Debug|Any CPU
		{F4106FEB-0925-4E9C-B8D3-50607EF47636}.Release|Any CPU.ActiveCfg = Release|Any CPU
		{F4106FEB-0925-4E9C-B8D3-50607EF47636}.Release|Any CPU.Build.0 = Release|Any CPU
	EndGlobalSection
	GlobalSection(SolutionProperties) = preSolution
		HideSolutionNode = FALSE
	EndGlobalSection
	GlobalSection(ExtensibilityGlobals) = postSolution
		SolutionGuid = {A8993EEA-0294-4644-9A6E-65C602A78CA3}
	EndGlobalSection
EndGlobal
